
Microsoft Visual Studio Solution File, Format Version 12.00
# Visual Studio Version 17
VisualStudioVersion = 17.6.33829.357
MinimumVisualStudioVersion = 10.0.40219.1
Project("{FAE04EC0-301F-11D3-BF4B-00C04F79EFBC}") = "Service", "Service\Service.csproj", "{FA9AB2F9-5054-4461-9592-C739E4263A38}"
EndProject
Project("{FAE04EC0-301F-11D3-BF4B-00C04F79EFBC}") = "Client", "Client\Client.csproj", "{110319AE-ED07-4240-8825-74F94673E53A}"
EndProject
Global
	GlobalSection(SolutionConfigurationPlatforms) = preSolution
		Debug|Any CPU = Debug|Any CPU
		Release|Any CPU = Release|Any CPU
	EndGlobalSection
	GlobalSection(ProjectConfigurationPlatforms) = postSolution
		{FA9AB2F9-5054-4461-9592-C739E4263A38}.Debug|Any CPU.ActiveCfg = Debug|Any CPU
		{FA9AB2F9-5054-4461-9592-C739E4263A38}.Debug|Any CPU.Build.0 = Debug|Any CPU
		{FA9AB2F9-5054-4461-9592-C739E4263A38}.Release|Any CPU.ActiveCfg = Release|Any CPU
		{FA9AB2F9-5054-4461-9592-C739E4263A38}.Release|Any CPU.Build.0 = Release|Any CPU
		{110319AE-ED07-4240-8825-74F94673E53A}.Debug|Any CPU.ActiveCfg = Debug|Any CPU
		{110319AE-ED07-4240-8825-74F94673E53A}.Debug|Any CPU.Build.0 = Debug|Any CPU
		{110319AE-ED07-4240-8825-74F94673E53A}.Release|Any CPU.ActiveCfg = Release|Any CPU
		{110319AE-ED07-4240-8825-74F94673E53A}.Release|Any CPU.Build.0 = Release|Any CPU
	EndGlobalSection
	GlobalSection(SolutionProperties) = preSolution
		HideSolutionNode = FALSE
	EndGlobalSection
	GlobalSection(ExtensibilityGlobals) = postSolution
		SolutionGuid = {750B113F-DBCC-44A9-B730-3FF698750DF0}
	EndGlobalSection
EndGlobal
